
Microsoft Visual Studio Solution File, Format Version 12.00
# Visual Studio 2012
Project("{8BC9CEB8-8B4A-11D0-8D11-00A0C91BC942}") = "MeArmSerial", "MeArmSerial.vcxproj", "{1D386F33-65F1-4E4E-8D9B-CBD82C1D4494}"
EndProject
Global
	GlobalSection(SolutionConfigurationPlatforms) = preSolution
		Debug|Win32 = Debug|Win32
		Release|Win32 = Release|Win32
	EndGlobalSection
	GlobalSection(ProjectConfigurationPlatforms) = postSolution
		{1D386F33-65F1-4E4E-8D9B-CBD82C1D4494}.Debug|Win32.ActiveCfg = Debug|Win32
		{1D386F33-65F1-4E4E-8D9B-CBD82C1D4494}.Debug|Win32.Build.0 = Debug|Win32
		{1D386F33-65F1-4E4E-8D9B-CBD82C1D4494}.Release|Win32.ActiveCfg = Release|Win32
		{1D386F33-65F1-4E4E-8D9B-CBD82C1D4494}.Release|Win32.Build.0 = Release|Win32
	EndGlobalSection
	GlobalSection(SolutionProperties) = preSolution
		HideSolutionNode = FALSE
	EndGlobalSection
EndGlobal
